// !$*UTF8*$!
{
	archiveVersion = 1;
	classes = {
	};
	objectVersion = 50;
	objects = {

/* Begin PBXBuildFile section */
		AE1F00C1242E08BA0040627F /* AppDelegate.swift in Sources */ = {isa = PBXBuildFile; fileRef = AE1F00C0242E08BA0040627F /* AppDelegate.swift */; };
		AE1F00C3242E08BA0040627F /* SceneDelegate.swift in Sources */ = {isa = PBXBuildFile; fileRef = AE1F00C2242E08BA0040627F /* SceneDelegate.swift */; };
		AE1F00C5242E08BA0040627F /* ViewController.swift in Sources */ = {isa = PBXBuildFile; fileRef = AE1F00C4242E08BA0040627F /* ViewController.swift */; };
		AE1F00C8242E08BA0040627F /* Main.storyboard in Resources */ = {isa = PBXBuildFile; fileRef = AE1F00C6242E08BA0040627F /* Main.storyboard */; };
		AE1F00CA242E08BF0040627F /* Assets.xcassets in Resources */ = {isa = PBXBuildFile; fileRef = AE1F00C9242E08BF0040627F /* Assets.xcassets */; };
		AE1F00CD242E08BF0040627F /* LaunchScreen.storyboard in Resources */ = {isa = PBXBuildFile; fileRef = AE1F00CB242E08BF0040627F /* LaunchScreen.storyboard */; };
		AE1F00D5242E09FA0040627F /* XMLParserManager.swift in Sources */ = {isa = PBXBuildFile; fileRef = AE1F00D4242E09FA0040627F /* XMLParserManager.swift */; };
		AE1F00D9242E25000040627F /* ScrollableStackView.swift in Sources */ = {isa = PBXBuildFile; fileRef = AE1F00D8242E25000040627F /* ScrollableStackView.swift */; };
		AE1F00FD242E3DB50040627F /* Extensions.swift in Sources */ = {isa = PBXBuildFile; fileRef = AE1F00FC242E3DB50040627F /* Extensions.swift */; };
		AE1F0104242F5BFD0040627F /* PaddingView.swift in Sources */ = {isa = PBXBuildFile; fileRef = AE1F0103242F5BFD0040627F /* PaddingView.swift */; };
		AE1F0106242F5FC80040627F /* CardStackView_RSS.swift in Sources */ = {isa = PBXBuildFile; fileRef = AE1F0105242F5FC80040627F /* CardStackView_RSS.swift */; };
		AE1F010A242F70960040627F /* NewsCardView.swift in Sources */ = {isa = PBXBuildFile; fileRef = AE1F0109242F70960040627F /* NewsCardView.swift */; };
		AE1F010D242F73C60040627F /* StackPaginationController.swift in Sources */ = {isa = PBXBuildFile; fileRef = AE1F010C242F73C60040627F /* StackPaginationController.swift */; };
		AE5B864A242F90E400210A2C /* CardStackView_General.swift in Sources */ = {isa = PBXBuildFile; fileRef = AE5B8649242F90E400210A2C /* CardStackView_General.swift */; };
		AE5B864C242F921F00210A2C /* APIWorker.swift in Sources */ = {isa = PBXBuildFile; fileRef = AE5B864B242F921F00210A2C /* APIWorker.swift */; };
/* End PBXBuildFile section */

/* Begin PBXFileReference section */
		AE1F00BD242E08BA0040627F /* covidInfo.app */ = {isa = PBXFileReference; explicitFileType = wrapper.application; includeInIndex = 0; path = covidInfo.app; sourceTree = BUILT_PRODUCTS_DIR; };
		AE1F00C0242E08BA0040627F /* AppDelegate.swift */ = {isa = PBXFileReference; lastKnownFileType = sourcecode.swift; path = AppDelegate.swift; sourceTree = "<group>"; };
		AE1F00C2242E08BA0040627F /* SceneDelegate.swift */ = {isa = PBXFileReference; lastKnownFileType = sourcecode.swift; path = SceneDelegate.swift; sourceTree = "<group>"; };
		AE1F00C4242E08BA0040627F /* ViewController.swift */ = {isa = PBXFileReference; lastKnownFileType = sourcecode.swift; path = ViewController.swift; sourceTree = "<group>"; };
		AE1F00C7242E08BA0040627F /* Base */ = {isa = PBXFileReference; lastKnownFileType = file.storyboard; name = Base; path = Base.lproj/Main.storyboard; sourceTree = "<group>"; };
		AE1F00C9242E08BF0040627F /* Assets.xcassets */ = {isa = PBXFileReference; lastKnownFileType = folder.assetcatalog; path = Assets.xcassets; sourceTree = "<group>"; };
		AE1F00CC242E08BF0040627F /* Base */ = {isa = PBXFileReference; lastKnownFileType = file.storyboard; name = Base; path = Base.lproj/LaunchScreen.storyboard; sourceTree = "<group>"; };
		AE1F00CE242E08BF0040627F /* Info.plist */ = {isa = PBXFileReference; lastKnownFileType = text.plist.xml; path = Info.plist; sourceTree = "<group>"; };
		AE1F00D4242E09FA0040627F /* XMLParserManager.swift */ = {isa = PBXFileReference; lastKnownFileType = sourcecode.swift; path = XMLParserManager.swift; sourceTree = "<group>"; };
		AE1F00D8242E25000040627F /* ScrollableStackView.swift */ = {isa = PBXFileReference; lastKnownFileType = sourcecode.swift; path = ScrollableStackView.swift; sourceTree = "<group>"; };
		AE1F00FC242E3DB50040627F /* Extensions.swift */ = {isa = PBXFileReference; lastKnownFileType = sourcecode.swift; path = Extensions.swift; sourceTree = "<group>"; };
		AE1F0103242F5BFD0040627F /* PaddingView.swift */ = {isa = PBXFileReference; lastKnownFileType = sourcecode.swift; path = PaddingView.swift; sourceTree = "<group>"; };
		AE1F0105242F5FC80040627F /* CardStackView_RSS.swift */ = {isa = PBXFileReference; lastKnownFileType = sourcecode.swift; path = CardStackView_RSS.swift; sourceTree = "<group>"; };
		AE1F0109242F70960040627F /* NewsCardView.swift */ = {isa = PBXFileReference; lastKnownFileType = sourcecode.swift; path = NewsCardView.swift; sourceTree = "<group>"; };
		AE1F010C242F73C60040627F /* StackPaginationController.swift */ = {isa = PBXFileReference; lastKnownFileType = sourcecode.swift; path = StackPaginationController.swift; sourceTree = "<group>"; };
		AE5B8649242F90E400210A2C /* CardStackView_General.swift */ = {isa = PBXFileReference; lastKnownFileType = sourcecode.swift; path = CardStackView_General.swift; sourceTree = "<group>"; };
		AE5B864B242F921F00210A2C /* APIWorker.swift */ = {isa = PBXFileReference; lastKnownFileType = sourcecode.swift; path = APIWorker.swift; sourceTree = "<group>"; };
/* End PBXFileReference section */

/* Begin PBXFrameworksBuildPhase section */
		AE1F00BA242E08BA0040627F /* Frameworks */ = {
			isa = PBXFrameworksBuildPhase;
			buildActionMask = 2147483647;
			files = (
			);
			runOnlyForDeploymentPostprocessing = 0;
		};
/* End PBXFrameworksBuildPhase section */

/* Begin PBXGroup section */
		AE1F00B4242E08BA0040627F = {
			isa = PBXGroup;
			children = (
				AE1F00BF242E08BA0040627F /* covidInfo */,
				AE1F00BE242E08BA0040627F /* Products */,
			);
			sourceTree = "<group>";
		};
		AE1F00BE242E08BA0040627F /* Products */ = {
			isa = PBXGroup;
			children = (
				AE1F00BD242E08BA0040627F /* covidInfo.app */,
			);
			name = Products;
			sourceTree = "<group>";
		};
		AE1F00BF242E08BA0040627F /* covidInfo */ = {
			isa = PBXGroup;
			children = (
				AE1F00CE242E08BF0040627F /* Info.plist */,
				AE1F010E242F74100040627F /* Main */,
				AE1F010F242F74190040627F /* XIBs */,
				AE1F0110242F74290040627F /* ViewControllers */,
				AE1F00FC242E3DB50040627F /* Extensions.swift */,
				AE1F010B242F72FF0040627F /* RSSParser */,
				AE1F0107242F63A20040627F /* StackUI */,
			);
			path = covidInfo;
			sourceTree = "<group>";
		};
		AE1F0107242F63A20040627F /* StackUI */ = {
			isa = PBXGroup;
			children = (
				AE1F010C242F73C60040627F /* StackPaginationController.swift */,
				AE1F00D8242E25000040627F /* ScrollableStackView.swift */,
				AE1F0109242F70960040627F /* NewsCardView.swift */,
				AE1F0108242F6F6B0040627F /* UtilityViews */,
			);
			path = StackUI;
			sourceTree = "<group>";
		};
		AE1F0108242F6F6B0040627F /* UtilityViews */ = {
			isa = PBXGroup;
			children = (
				AE1F0103242F5BFD0040627F /* PaddingView.swift */,
				AE1F0105242F5FC80040627F /* CardStackView_RSS.swift */,
				AE5B8649242F90E400210A2C /* CardStackView_General.swift */,
			);
			path = UtilityViews;
			sourceTree = "<group>";
		};
		AE1F010B242F72FF0040627F /* RSSParser */ = {
			isa = PBXGroup;
			children = (
				AE1F00D4242E09FA0040627F /* XMLParserManager.swift */,
				AE5B864B242F921F00210A2C /* APIWorker.swift */,
			);
			path = RSSParser;
			sourceTree = "<group>";
		};
		AE1F010E242F74100040627F /* Main */ = {
			isa = PBXGroup;
			children = (
				AE1F00C0242E08BA0040627F /* AppDelegate.swift */,
				AE1F00C2242E08BA0040627F /* SceneDelegate.swift */,
				AE1F00C9242E08BF0040627F /* Assets.xcassets */,
			);
			path = Main;
			sourceTree = "<group>";
		};
		AE1F010F242F74190040627F /* XIBs */ = {
			isa = PBXGroup;
			children = (
				AE1F00C6242E08BA0040627F /* Main.storyboard */,
				AE1F00CB242E08BF0040627F /* LaunchScreen.storyboard */,
			);
			path = XIBs;
			sourceTree = "<group>";
		};
		AE1F0110242F74290040627F /* ViewControllers */ = {
			isa = PBXGroup;
			children = (
				AE1F00C4242E08BA0040627F /* ViewController.swift */,
			);
			path = ViewControllers;
			sourceTree = "<group>";
		};
/* End PBXGroup section */

/* Begin PBXNativeTarget section */
		AE1F00BC242E08BA0040627F /* covidInfo */ = {
			isa = PBXNativeTarget;
			buildConfigurationList = AE1F00D1242E08BF0040627F /* Build configuration list for PBXNativeTarget "covidInfo" */;
			buildPhases = (
				AE1F00B9242E08BA0040627F /* Sources */,
				AE1F00BA242E08BA0040627F /* Frameworks */,
				AE1F00BB242E08BA0040627F /* Resources */,
			);
			buildRules = (
			);
			dependencies = (
			);
			name = covidInfo;
			productName = covidInfo;
			productReference = AE1F00BD242E08BA0040627F /* covidInfo.app */;
			productType = "com.apple.product-type.application";
		};
/* End PBXNativeTarget section */

/* Begin PBXProject section */
		AE1F00B5242E08BA0040627F /* Project object */ = {
			isa = PBXProject;
			attributes = {
				LastSwiftUpdateCheck = 1140;
				LastUpgradeCheck = 1140;
				ORGANIZATIONNAME = "Мария Водолазкая";
				TargetAttributes = {
					AE1F00BC242E08BA0040627F = {
						CreatedOnToolsVersion = 11.4;
					};
				};
			};
			buildConfigurationList = AE1F00B8242E08BA0040627F /* Build configuration list for PBXProject "covidInfo" */;
			compatibilityVersion = "Xcode 9.3";
			developmentRegion = en;
			hasScannedForEncodings = 0;
			knownRegions = (
				en,
				Base,
			);
			mainGroup = AE1F00B4242E08BA0040627F;
			productRefGroup = AE1F00BE242E08BA0040627F /* Products */;
			projectDirPath = "";
			projectRoot = "";
			targets = (
				AE1F00BC242E08BA0040627F /* covidInfo */,
			);
		};
/* End PBXProject section */

/* Begin PBXResourcesBuildPhase section */
		AE1F00BB242E08BA0040627F /* Resources */ = {
			isa = PBXResourcesBuildPhase;
			buildActionMask = 2147483647;
			files = (
				AE1F00CD242E08BF0040627F /* LaunchScreen.storyboard in Resources */,
				AE1F00CA242E08BF0040627F /* Assets.xcassets in Resources */,
				AE1F00C8242E08BA0040627F /* Main.storyboard in Resources */,
			);
			runOnlyForDeploymentPostprocessing = 0;
		};
/* End PBXResourcesBuildPhase section */

/* Begin PBXSourcesBuildPhase section */
		AE1F00B9242E08BA0040627F /* Sources */ = {
			isa = PBXSourcesBuildPhase;
			buildActionMask = 2147483647;
			files = (
				AE1F010A242F70960040627F /* NewsCardView.swift in Sources */,
				AE1F00C5242E08BA0040627F /* ViewController.swift in Sources */,
				AE1F0106242F5FC80040627F /* CardStackView_RSS.swift in Sources */,
				AE5B864A242F90E400210A2C /* CardStackView_General.swift in Sources */,
				AE1F00FD242E3DB50040627F /* Extensions.swift in Sources */,
				AE1F010D242F73C60040627F /* StackPaginationController.swift in Sources */,
				AE1F00C1242E08BA0040627F /* AppDelegate.swift in Sources */,
				AE1F00D9242E25000040627F /* ScrollableStackView.swift in Sources */,
				AE1F00D5242E09FA0040627F /* XMLParserManager.swift in Sources */,
				AE1F0104242F5BFD0040627F /* PaddingView.swift in Sources */,
				AE5B864C242F921F00210A2C /* APIWorker.swift in Sources */,
				AE1F00C3242E08BA0040627F /* SceneDelegate.swift in Sources */,
			);
			runOnlyForDeploymentPostprocessing = 0;
		};
/* End PBXSourcesBuildPhase section */

/* Begin PBXVariantGroup section */
		AE1F00C6242E08BA0040627F /* Main.storyboard */ = {
			isa = PBXVariantGroup;
			children = (
				AE1F00C7242E08BA0040627F /* Base */,
			);
			name = Main.storyboard;
			sourceTree = "<group>";
		};
		AE1F00CB242E08BF0040627F /* LaunchScreen.storyboard */ = {
			isa = PBXVariantGroup;
			children = (
				AE1F00CC242E08BF0040627F /* Base */,
			);
			name = LaunchScreen.storyboard;
			sourceTree = "<group>";
		};
/* End PBXVariantGroup section */

/* Begin XCBuildConfiguration section */
		AE1F00CF242E08BF0040627F /* Debug */ = {
			isa = XCBuildConfiguration;
			buildSettings = {
				ALWAYS_SEARCH_USER_PATHS = NO;
				CLANG_ANALYZER_NONNULL = YES;
				CLANG_ANALYZER_NUMBER_OBJECT_CONVERSION = YES_AGGRESSIVE;
				CLANG_CXX_LANGUAGE_STANDARD = "gnu++14";
				CLANG_CXX_LIBRARY = "libc++";
				CLANG_ENABLE_MODULES = YES;
				CLANG_ENABLE_OBJC_ARC = YES;
				CLANG_ENABLE_OBJC_WEAK = YES;
				CLANG_WARN_BLOCK_CAPTURE_AUTORELEASING = YES;
				CLANG_WARN_BOOL_CONVERSION = YES;
				CLANG_WARN_COMMA = YES;
				CLANG_WARN_CONSTANT_CONVERSION = YES;
				CLANG_WARN_DEPRECATED_OBJC_IMPLEMENTATIONS = YES;
				CLANG_WARN_DIRECT_OBJC_ISA_USAGE = YES_ERROR;
				CLANG_WARN_DOCUMENTATION_COMMENTS = YES;
				CLANG_WARN_EMPTY_BODY = YES;
				CLANG_WARN_ENUM_CONVERSION = YES;
				CLANG_WARN_INFINITE_RECURSION = YES;
				CLANG_WARN_INT_CONVERSION = YES;
				CLANG_WARN_NON_LITERAL_NULL_CONVERSION = YES;
				CLANG_WARN_OBJC_IMPLICIT_RETAIN_SELF = YES;
				CLANG_WARN_OBJC_LITERAL_CONVERSION = YES;
				CLANG_WARN_OBJC_ROOT_CLASS = YES_ERROR;
				CLANG_WARN_RANGE_LOOP_ANALYSIS = YES;
				CLANG_WARN_STRICT_PROTOTYPES = YES;
				CLANG_WARN_SUSPICIOUS_MOVE = YES;
				CLANG_WARN_UNGUARDED_AVAILABILITY = YES_AGGRESSIVE;
				CLANG_WARN_UNREACHABLE_CODE = YES;
				CLANG_WARN__DUPLICATE_METHOD_MATCH = YES;
				COPY_PHASE_STRIP = NO;
				DEBUG_INFORMATION_FORMAT = dwarf;
				ENABLE_STRICT_OBJC_MSGSEND = YES;
				ENABLE_TESTABILITY = YES;
				GCC_C_LANGUAGE_STANDARD = gnu11;
				GCC_DYNAMIC_NO_PIC = NO;
				GCC_NO_COMMON_BLOCKS = YES;
				GCC_OPTIMIZATION_LEVEL = 0;
				GCC_PREPROCESSOR_DEFINITIONS = (
					"DEBUG=1",
					"$(inherited)",
				);
				GCC_WARN_64_TO_32_BIT_CONVERSION = YES;
				GCC_WARN_ABOUT_RETURN_TYPE = YES_ERROR;
				GCC_WARN_UNDECLARED_SELECTOR = YES;
				GCC_WARN_UNINITIALIZED_AUTOS = YES_AGGRESSIVE;
				GCC_WARN_UNUSED_FUNCTION = YES;
				GCC_WARN_UNUSED_VARIABLE = YES;
				IPHONEOS_DEPLOYMENT_TARGET = 13.4;
				MTL_ENABLE_DEBUG_INFO = INCLUDE_SOURCE;
				MTL_FAST_MATH = YES;
				ONLY_ACTIVE_ARCH = YES;
				SDKROOT = iphoneos;
				SWIFT_ACTIVE_COMPILATION_CONDITIONS = DEBUG;
				SWIFT_OPTIMIZATION_LEVEL = "-Onone";
			};
			name = Debug;
		};
		AE1F00D0242E08BF0040627F /* Release */ = {
			isa = XCBuildConfiguration;
			buildSettings = {
				ALWAYS_SEARCH_USER_PATHS = NO;
				CLANG_ANALYZER_NONNULL = YES;
				CLANG_ANALYZER_NUMBER_OBJECT_CONVERSION = YES_AGGRESSIVE;
				CLANG_CXX_LANGUAGE_STANDARD = "gnu++14";
				CLANG_CXX_LIBRARY = "libc++";
				CLANG_ENABLE_MODULES = YES;
				CLANG_ENABLE_OBJC_ARC = YES;
				CLANG_ENABLE_OBJC_WEAK = YES;
				CLANG_WARN_BLOCK_CAPTURE_AUTORELEASING = YES;
				CLANG_WARN_BOOL_CONVERSION = YES;
				CLANG_WARN_COMMA = YES;
				CLANG_WARN_CONSTANT_CONVERSION = YES;
				CLANG_WARN_DEPRECATED_OBJC_IMPLEMENTATIONS = YES;
				CLANG_WARN_DIRECT_OBJC_ISA_USAGE = YES_ERROR;
				CLANG_WARN_DOCUMENTATION_COMMENTS = YES;
				CLANG_WARN_EMPTY_BODY = YES;
				CLANG_WARN_ENUM_CONVERSION = YES;
				CLANG_WARN_INFINITE_RECURSION = YES;
				CLANG_WARN_INT_CONVERSION = YES;
				CLANG_WARN_NON_LITERAL_NULL_CONVERSION = YES;
				CLANG_WARN_OBJC_IMPLICIT_RETAIN_SELF = YES;
				CLANG_WARN_OBJC_LITERAL_CONVERSION = YES;
				CLANG_WARN_OBJC_ROOT_CLASS = YES_ERROR;
				CLANG_WARN_RANGE_LOOP_ANALYSIS = YES;
				CLANG_WARN_STRICT_PROTOTYPES = YES;
				CLANG_WARN_SUSPICIOUS_MOVE = YES;
				CLANG_WARN_UNGUARDED_AVAILABILITY = YES_AGGRESSIVE;
				CLANG_WARN_UNREACHABLE_CODE = YES;
				CLANG_WARN__DUPLICATE_METHOD_MATCH = YES;
				COPY_PHASE_STRIP = NO;
				DEBUG_INFORMATION_FORMAT = "dwarf-with-dsym";
				ENABLE_NS_ASSERTIONS = NO;
				ENABLE_STRICT_OBJC_MSGSEND = YES;
				GCC_C_LANGUAGE_STANDARD = gnu11;
				GCC_NO_COMMON_BLOCKS = YES;
				GCC_WARN_64_TO_32_BIT_CONVERSION = YES;
				GCC_WARN_ABOUT_RETURN_TYPE = YES_ERROR;
				GCC_WARN_UNDECLARED_SELECTOR = YES;
				GCC_WARN_UNINITIALIZED_AUTOS = YES_AGGRESSIVE;
				GCC_WARN_UNUSED_FUNCTION = YES;
				GCC_WARN_UNUSED_VARIABLE = YES;
				IPHONEOS_DEPLOYMENT_TARGET = 13.4;
				MTL_ENABLE_DEBUG_INFO = NO;
				MTL_FAST_MATH = YES;
				SDKROOT = iphoneos;
				SWIFT_COMPILATION_MODE = wholemodule;
				SWIFT_OPTIMIZATION_LEVEL = "-O";
				VALIDATE_PRODUCT = YES;
			};
			name = Release;
		};
		AE1F00D2242E08BF0040627F /* Debug */ = {
			isa = XCBuildConfiguration;
			buildSettings = {
				ASSETCATALOG_COMPILER_APPICON_NAME = AppIcon;
				CODE_SIGN_STYLE = Automatic;
				DEVELOPMENT_TEAM = UKBNTL7HA9;
				INFOPLIST_FILE = covidInfo/Info.plist;
				IPHONEOS_DEPLOYMENT_TARGET = 13.0;
				LD_RUNPATH_SEARCH_PATHS = (
					"$(inherited)",
					"@executable_path/Frameworks",
				);
				PRODUCT_BUNDLE_IDENTIFIER = geomatix.covidInfo;
				PRODUCT_NAME = "$(TARGET_NAME)";
				SWIFT_VERSION = 5.0;
				TARGETED_DEVICE_FAMILY = "1,2";
			};
			name = Debug;
		};
		AE1F00D3242E08BF0040627F /* Release */ = {
			isa = XCBuildConfiguration;
			buildSettings = {
				ASSETCATALOG_COMPILER_APPICON_NAME = AppIcon;
				CODE_SIGN_STYLE = Automatic;
				DEVELOPMENT_TEAM = UKBNTL7HA9;
				INFOPLIST_FILE = covidInfo/Info.plist;
				IPHONEOS_DEPLOYMENT_TARGET = 13.0;
				LD_RUNPATH_SEARCH_PATHS = (
					"$(inherited)",
					"@executable_path/Frameworks",
				);
				PRODUCT_BUNDLE_IDENTIFIER = geomatix.covidInfo;
				PRODUCT_NAME = "$(TARGET_NAME)";
				SWIFT_VERSION = 5.0;
				TARGETED_DEVICE_FAMILY = "1,2";
			};
			name = Release;
		};
/* End XCBuildConfiguration section */

/* Begin XCConfigurationList section */
		AE1F00B8242E08BA0040627F /* Build configuration list for PBXProject "covidInfo" */ = {
			isa = XCConfigurationList;
			buildConfigurations = (
				AE1F00CF242E08BF0040627F /* Debug */,
				AE1F00D0242E08BF0040627F /* Release */,
			);
			defaultConfigurationIsVisible = 0;
			defaultConfigurationName = Release;
		};
		AE1F00D1242E08BF0040627F /* Build configuration list for PBXNativeTarget "covidInfo" */ = {
			isa = XCConfigurationList;
			buildConfigurations = (
				AE1F00D2242E08BF0040627F /* Debug */,
				AE1F00D3242E08BF0040627F /* Release */,
			);
			defaultConfigurationIsVisible = 0;
			defaultConfigurationName = Release;
		};
/* End XCConfigurationList section */
	};
	rootObject = AE1F00B5242E08BA0040627F /* Project object */;
}
